
Microsoft Visual Studio Solution File, Format Version 12.00
# Visual Studio Version 17
VisualStudioVersion = 17.10.35027.167
MinimumVisualStudioVersion = 10.0.40219.1
Project("{FAE04EC0-301F-11D3-BF4B-00C04F79EFBC}") = "TinyDNS", "TinyDNS\TinyDNS.csproj", "{2CE735D8-82E3-4E24-95D6-CE692C2FA2B1}"
EndProject
Global
	GlobalSection(SolutionConfigurationPlatforms) = preSolution
		Debug|Any CPU = Debug|Any CPU
		Release|Any CPU = Release|Any CPU
	EndGlobalSection
	GlobalSection(ProjectConfigurationPlatforms) = postSolution
		{2CE735D8-82E3-4E24-95D6-CE692C2FA2B1}.Debug|Any CPU.ActiveCfg = Debug|Any CPU
		{2CE735D8-82E3-4E24-95D6-CE692C2FA2B1}.Debug|Any CPU.Build.0 = Debug|Any CPU
		{2CE735D8-82E3-4E24-95D6-CE692C2FA2B1}.Release|Any CPU.ActiveCfg = Release|Any CPU
		{2CE735D8-82E3-4E24-95D6-CE692C2FA2B1}.Release|Any CPU.Build.0 = Release|Any CPU
	EndGlobalSection
	GlobalSection(SolutionProperties) = preSolution
		HideSolutionNode = FALSE
	EndGlobalSection
	GlobalSection(ExtensibilityGlobals) = postSolution
		SolutionGuid = {4BE2CCAF-1449-4CCB-9F24-C234EC1F1EA4}
	EndGlobalSection
EndGlobal
